
Microsoft Visual Studio Solution File, Format Version 12.00
# Visual Studio Version 17
VisualStudioVersion = 17.3.32929.385
MinimumVisualStudioVersion = 10.0.40219.1
Project("{FAE04EC0-301F-11D3-BF4B-00C04F79EFBC}") = "ContactAPI", "ContactAPI\ContactAPI.csproj", "{FD737219-EEF2-4402-8055-253419FBDDED}"
EndProject
Global
	GlobalSection(SolutionConfigurationPlatforms) = preSolution
		Debug|Any CPU = Debug|Any CPU
		Release|Any CPU = Release|Any CPU
	EndGlobalSection
	GlobalSection(ProjectConfigurationPlatforms) = postSolution
		{FD737219-EEF2-4402-8055-253419FBDDED}.Debug|Any CPU.ActiveCfg = Debug|Any CPU
		{FD737219-EEF2-4402-8055-253419FBDDED}.Debug|Any CPU.Build.0 = Debug|Any CPU
		{FD737219-EEF2-4402-8055-253419FBDDED}.Release|Any CPU.ActiveCfg = Release|Any CPU
		{FD737219-EEF2-4402-8055-253419FBDDED}.Release|Any CPU.Build.0 = Release|Any CPU
	EndGlobalSection
	GlobalSection(SolutionProperties) = preSolution
		HideSolutionNode = FALSE
	EndGlobalSection
	GlobalSection(ExtensibilityGlobals) = postSolution
		SolutionGuid = {67AFE54E-A882-441E-956B-F3D46410DC8B}
	EndGlobalSection
EndGlobal
